# THIS IS AN AUTOGENERATED FILE. DO NOT EDIT THIS FILE DIRECTLY.
# yarn lockfile v1


"@biomejs/biome@^1.5.3":
  version "1.5.3"
  resolved "https://registry.yarnpkg.com/@biomejs/biome/-/biome-1.5.3.tgz#0762b9f681c247a228522e6c506060e734809d48"
  integrity sha512-yvZCa/g3akwTaAQ7PCwPWDCkZs3Qa5ONg/fgOUT9e6wAWsPftCjLQFPXBeGxPK30yZSSpgEmRCfpGTmVbUjGgg==
  optionalDependencies:
    "@biomejs/cli-darwin-arm64" "1.5.3"
    "@biomejs/cli-darwin-x64" "1.5.3"
    "@biomejs/cli-linux-arm64" "1.5.3"
    "@biomejs/cli-linux-arm64-musl" "1.5.3"
    "@biomejs/cli-linux-x64" "1.5.3"
    "@biomejs/cli-linux-x64-musl" "1.5.3"
    "@biomejs/cli-win32-arm64" "1.5.3"
    "@biomejs/cli-win32-x64" "1.5.3"

"@biomejs/cli-darwin-arm64@1.5.3":
  version "1.5.3"
  resolved "https://registry.yarnpkg.com/@biomejs/cli-darwin-arm64/-/cli-darwin-arm64-1.5.3.tgz#8df0a562ca59b7a77151e26f67f45074644fab1c"
  integrity sha512-ImU7mh1HghEDyqNmxEZBoMPr8SxekkZuYcs+gynKlNW+TALQs7swkERiBLkG9NR0K1B3/2uVzlvYowXrmlW8hw==

"@biomejs/cli-darwin-x64@1.5.3":
  version "1.5.3"
  resolved "https://registry.yarnpkg.com/@biomejs/cli-darwin-x64/-/cli-darwin-x64-1.5.3.tgz#ab5376f15d9e23b60ae2b0b51f7feee38a62bba2"
  integrity sha512-vCdASqYnlpq/swErH7FD6nrFz0czFtK4k/iLgj0/+VmZVjineFPgevOb+Sr9vz0tk0GfdQO60bSpI74zU8M9Dw==

"@biomejs/cli-linux-arm64-musl@1.5.3":
  version "1.5.3"
  resolved "https://registry.yarnpkg.com/@biomejs/cli-linux-arm64-musl/-/cli-linux-arm64-musl-1.5.3.tgz#a2ba748a6cf94e2288244294a8e36a7db153982f"
  integrity sha512-DYuMizUYUBYfS0IHGjDrOP1RGipqWfMGEvNEJ398zdtmCKLXaUvTimiox5dvx4X15mBK5M2m8wgWUgOP1giUpQ==

"@biomejs/cli-linux-arm64@1.5.3":
  version "1.5.3"
  resolved "https://registry.yarnpkg.com/@biomejs/cli-linux-arm64/-/cli-linux-arm64-1.5.3.tgz#c805d48a4740cadd4fbdc22bf74d86b6e10ed84e"
  integrity sha512-cupBQv0sNF1OKqBfx7EDWMSsKwRrBUZfjXawT4s6hKV6ALq7p0QzWlxr/sDmbKMLOaLQtw2Qgu/77N9rm+f9Rg==

"@biomejs/cli-linux-x64-musl@1.5.3":
  version "1.5.3"
  resolved "https://registry.yarnpkg.com/@biomejs/cli-linux-x64-musl/-/cli-linux-x64-musl-1.5.3.tgz#b524a85e46724543eb0f3eda143dd62e58d6e148"
  integrity sha512-UUHiAnlDqr2Y/LpvshBFhUYMWkl2/Jn+bi3U6jKuav0qWbbBKU/ByHgR4+NBxpKBYoCtWxhnmatfH1bpPIuZMw==

"@biomejs/cli-linux-x64@1.5.3":
  version "1.5.3"
  resolved "https://registry.yarnpkg.com/@biomejs/cli-linux-x64/-/cli-linux-x64-1.5.3.tgz#3934339eac9ec14307cb73541158cbf1695bfb79"
  integrity sha512-YQrSArQvcv4FYsk7Q91Yv4uuu5F8hJyORVcv3zsjCLGkjIjx2RhjYLpTL733SNL7v33GmOlZY0eFR1ko38tuUw==

"@biomejs/cli-win32-arm64@1.5.3":
  version "1.5.3"
  resolved "https://registry.yarnpkg.com/@biomejs/cli-win32-arm64/-/cli-win32-arm64-1.5.3.tgz#db337fc521bd046015499d8bbc02835dbd93f01c"
  integrity sha512-HxatYH7vf/kX9nrD+pDYuV2GI9GV8EFo6cfKkahAecTuZLPxryHx1WEfJthp5eNsE0+09STGkKIKjirP0ufaZA==

"@biomejs/cli-win32-x64@1.5.3":
  version "1.5.3"
  resolved "https://registry.yarnpkg.com/@biomejs/cli-win32-x64/-/cli-win32-x64-1.5.3.tgz#1a424f26b709bc17fc592de18e8f48a6d2a44c86"
  integrity sha512-fMvbSouZEASU7mZH8SIJSANDm5OqsjgtVXlbUqxwed6BP7uuHRSs396Aqwh2+VoW8fwTpp6ybIUoC9FrzB0kyA==

typescript@^5.3.3:
  version "5.3.3"
  resolved "https://registry.yarnpkg.com/typescript/-/typescript-5.3.3.tgz#b3ce6ba258e72e6305ba66f5c9b452aaee3ffe37"
  integrity sha512-pXWcraxM0uxAS+tN0AG/BF2TyqmHO014Z070UsJ+pFvYuRSq8KH8DmWpnbXe0pEPDHXZV3FcAbJkijJ5oNEnWw==
